
Microsoft Visual Studio Solution File, Format Version 12.00
# Visual Studio Version 16
VisualStudioVersion = 16.0.30114.105
MinimumVisualStudioVersion = 10.0.40219.1
Project("{FAE04EC0-301F-11D3-BF4B-00C04F79EFBC}") = "ECC", "ECC\ECC.csproj", "{3D2EF485-538A-4AD5-A325-E16FFA5A5B82}"
EndProject
Project("{FAE04EC0-301F-11D3-BF4B-00C04F79EFBC}") = "ECC.Tests", "ECC.Tests\ECC.Tests.csproj", "{D71BF6A2-D121-49CF-B80C-102DBDED83A6}"
EndProject
Global
	GlobalSection(SolutionConfigurationPlatforms) = preSolution
		Debug|Any CPU = Debug|Any CPU
		Release|Any CPU = Release|Any CPU
	EndGlobalSection
	GlobalSection(SolutionProperties) = preSolution
		HideSolutionNode = FALSE
	EndGlobalSection
	GlobalSection(ProjectConfigurationPlatforms) = postSolution
		{3D2EF485-538A-4AD5-A325-E16FFA5A5B82}.Debug|Any CPU.ActiveCfg = Debug|Any CPU
		{3D2EF485-538A-4AD5-A325-E16FFA5A5B82}.Debug|Any CPU.Build.0 = Debug|Any CPU
		{3D2EF485-538A-4AD5-A325-E16FFA5A5B82}.Release|Any CPU.ActiveCfg = Release|Any CPU
		{3D2EF485-538A-4AD5-A325-E16FFA5A5B82}.Release|Any CPU.Build.0 = Release|Any CPU
		{D71BF6A2-D121-49CF-B80C-102DBDED83A6}.Debug|Any CPU.ActiveCfg = Debug|Any CPU
		{D71BF6A2-D121-49CF-B80C-102DBDED83A6}.Debug|Any CPU.Build.0 = Debug|Any CPU
		{D71BF6A2-D121-49CF-B80C-102DBDED83A6}.Release|Any CPU.ActiveCfg = Release|Any CPU
		{D71BF6A2-D121-49CF-B80C-102DBDED83A6}.Release|Any CPU.Build.0 = Release|Any CPU
	EndGlobalSection
EndGlobal
